
Microsoft Visual Studio Solution File, Format Version 12.00
# Visual Studio 15
VisualStudioVersion = 15.0.26430.14
MinimumVisualStudioVersion = 10.0.40219.1
Project("{FAE04EC0-301F-11D3-BF4B-00C04F79EFBC}") = "SaveImageToDB", "SaveImageToDB\SaveImageToDB.csproj", "{FAB0FCBF-F291-4A93-981C-0A00B4948A8A}"
EndProject
Global
	GlobalSection(SolutionConfigurationPlatforms) = preSolution
		Debug|Any CPU = Debug|Any CPU
		Release|Any CPU = Release|Any CPU
	EndGlobalSection
	GlobalSection(ProjectConfigurationPlatforms) = postSolution
		{FAB0FCBF-F291-4A93-981C-0A00B4948A8A}.Debug|Any CPU.ActiveCfg = Debug|Any CPU
		{FAB0FCBF-F291-4A93-981C-0A00B4948A8A}.Debug|Any CPU.Build.0 = Debug|Any CPU
		{FAB0FCBF-F291-4A93-981C-0A00B4948A8A}.Release|Any CPU.ActiveCfg = Release|Any CPU
		{FAB0FCBF-F291-4A93-981C-0A00B4948A8A}.Release|Any CPU.Build.0 = Release|Any CPU
	EndGlobalSection
	GlobalSection(SolutionProperties) = preSolution
		HideSolutionNode = FALSE
	EndGlobalSection
EndGlobal
